{
  "name": "@artificialmuseum/sandbox",
  "version": "0.0.1",
  "lockfileVersion": 2,
  "requires": true,
  "packages": {
    "": {
      "name": "@artificialmuseum/sandbox",
      "version": "0.0.1",
      "license": "AGPL-3.0",
      "dependencies": {
        "@grundstein/gss": "0.0.14"
      },
      "devDependencies": {
        "@magic/format": "0.0.68"
      }
    },
    "node_modules/@chevrotain/cst-dts-gen": {
      "version": "10.5.0",
      "resolved": "https://registry.npmjs.org/@chevrotain/cst-dts-gen/-/cst-dts-gen-10.5.0.tgz",
      "integrity": "sha512-lhmC/FyqQ2o7pGK4Om+hzuDrm9rhFYIJ/AXoQBeongmn870Xeb0L6oGEiuR8nohFNL5sMaQEJWCxr1oIVIVXrw==",
      "dev": true,
      "license": "Apache-2.0",
      "peer": true,
      "dependencies": {
        "@chevrotain/gast": "10.5.0",
        "@chevrotain/types": "10.5.0",
        "lodash": "4.17.21"
      }
    },
    "node_modules/@chevrotain/gast": {
      "version": "10.5.0",
      "resolved": "https://registry.npmjs.org/@chevrotain/gast/-/gast-10.5.0.tgz",
      "integrity": "sha512-pXdMJ9XeDAbgOWKuD1Fldz4ieCs6+nLNmyVhe2gZVqoO7v8HXuHYs5OV2EzUtbuai37TlOAQHrTDvxMnvMJz3A==",
      "dev": true,
      "license": "Apache-2.0",
      "peer": true,
      "dependencies": {
        "@chevrotain/types": "10.5.0",
        "lodash": "4.17.21"
      }
    },
    "node_modules/@chevrotain/types": {
      "version": "10.5.0",
      "resolved": "https://registry.npmjs.org/@chevrotain/types/-/types-10.5.0.tgz",
      "integrity": "sha512-f1MAia0x/pAVPWH/T73BJVyO2XU5tI4/iE7cnxb7tqdNTNhQI3Uq3XkqcoteTmD4t1aM0LbHCJOhgIDn07kl2A==",
      "dev": true,
      "license": "Apache-2.0",
      "peer": true
    },
    "node_modules/@chevrotain/utils": {
      "version": "10.5.0",
      "resolved": "https://registry.npmjs.org/@chevrotain/utils/-/utils-10.5.0.tgz",
      "integrity": "sha512-hBzuU5+JjB2cqNZyszkDHZgOSrUUT8V3dhgRl8Q9Gp6dAj/H5+KILGjbhDpc3Iy9qmqlm/akuOI2ut9VUtzJxQ==",
      "dev": true,
      "license": "Apache-2.0",
      "peer": true
    },
    "node_modules/@grundstein/commons": {
      "version": "0.0.10",
      "resolved": "https://registry.npmjs.org/@grundstein/commons/-/commons-0.0.10.tgz",
      "integrity": "sha512-YcOPFkpvO7haDD3fBijYdANqzGzngDTrCHreb//N8Smt43qyVRN768VYF/OviIvKZRWg7yBqW/r6hy08Erc5ZQ==",
      "dependencies": {
        "@magic/cli": "0.0.42",
        "@magic/error": "0.0.15",
        "@magic/fs": "0.0.26",
        "@magic/log": "0.1.16",
        "@magic/types": "0.1.21"
      },
      "engines": {
        "node": ">=14.14.0"
      }
    },
    "node_modules/@grundstein/gss": {
      "version": "0.0.14",
      "resolved": "https://registry.npmjs.org/@grundstein/gss/-/gss-0.0.14.tgz",
      "integrity": "sha512-nGELGaQrlHd7ENyIj85mEppuliamSgZV2mN9cDHYEgUqnb2U45eUHHc/ciI9jKxANJsuyblOAbULNx6XwWGKLg==",
      "dependencies": {
        "@grundstein/commons": "0.0.10",
        "@magic/cli": "0.0.42",
        "@magic/fs": "0.0.26",
        "@magic/mime-types": "0.0.16"
      },
      "bin": {
        "grundstein-server": "src/bin.mjs",
        "gss": "src/bin.mjs"
      },
      "engines": {
        "node": ">=14.14.0"
      }
    },
    "node_modules/@magic/cases": {
      "version": "0.0.8",
      "resolved": "https://registry.npmjs.org/@magic/cases/-/cases-0.0.8.tgz",
      "integrity": "sha512-MFhFThRbR+LSZmvCMx6QCedDUYqtEuUF1BRxGv1hSVSPn6YpTJJ53GQOIpZKmvC9LbTRGxIvdsjM0Bk+CsVJyg==",
      "engines": {
        "node": ">=14.15.4"
      }
    },
    "node_modules/@magic/cli": {
      "version": "0.0.42",
      "resolved": "https://registry.npmjs.org/@magic/cli/-/cli-0.0.42.tgz",
      "integrity": "sha512-iztUe521IpauY2F2Fr8oKuWKL03Vz7p9yOdetY0xDTOKNAxNZYbq4oVHkhrTZ7KXJS9QgVo9GScAlqHOjozR9w==",
      "dependencies": {
        "@magic/cases": "0.0.8",
        "@magic/deep": "0.1.14",
        "@magic/error": "0.0.15",
        "@magic/log": "0.1.16",
        "@magic/types": "0.1.21"
      },
      "engines": {
        "node": ">=14.15.4"
      }
    },
    "node_modules/@magic/deep": {
      "version": "0.1.14",
      "resolved": "https://registry.npmjs.org/@magic/deep/-/deep-0.1.14.tgz",
      "integrity": "sha512-pYptInUUn7Bx0wbZ9EFhqyrCVydN/PUZqh5oM7usl7DzmjPoJ4RJ9ZuTIZ/5zrS+J15QvdU3RT9WvpveAwWdeg==",
      "dependencies": {
        "@magic/types": "0.1.21"
      }
    },
    "node_modules/@magic/error": {
      "version": "0.0.15",
      "resolved": "https://registry.npmjs.org/@magic/error/-/error-0.0.15.tgz",
      "integrity": "sha512-+Ccu0p+uXLJOcea2ZJuM7NHBQSSq+QV1FMb5wlu3DUEsf1EmdX2a0ts6iYdU2F/2RoNkMXKgIchUZ7/BbLvPvQ==",
      "dependencies": {
        "@magic/types": "0.1.21"
      }
    },
    "node_modules/@magic/format": {
      "version": "0.0.68",
      "resolved": "https://registry.npmjs.org/@magic/format/-/format-0.0.68.tgz",
      "integrity": "sha512-o+XswNgN7T4Qk9INRuJpuaGOBlGjl+IO6zt5s79hqyhaDSFzJ0llBCfqUCqxZJVSgauQjAtHnAFItPf9qJ1AYA==",
      "dev": true,
      "license": "AGPL-3.0",
      "dependencies": {
        "@magic/cli": "0.0.46",
        "@magic/deep": "0.1.16",
        "@magic/fs": "0.0.31",
        "@magic/log": "0.1.18",
        "@magic/types": "0.1.23",
        "prettier": "3.6.2"
      },
      "bin": {
        "f": "src/bin.mjs",
        "format": "src/bin.mjs"
      },
      "engines": {
        "node": ">=14.15.4"
      },
      "peerDependencies": {
        "@prettier/plugin-haml": "^0.x",
        "@prettier/plugin-lua": "^0.x",
        "@prettier/plugin-php": "^0.x",
        "@prettier/plugin-pug": "^3.x",
        "@prettier/plugin-python": "^0.x",
        "@prettier/plugin-ruby": "^4.x",
        "@prettier/plugin-xml": "^3.x",
        "@voltiso/prettier-plugin-toml": "^0.x",
        "prettier-plugin-astro": "^0.x",
        "prettier-plugin-glsl": "^0.x",
        "prettier-plugin-java": "^2.x",
        "prettier-plugin-svelte": "^3.x",
        "prettier-plugin-tailwindcss": "^0.6.9"
      },
      "peerDependenciesMeta": {
        "@prettier/plugin-haml": {
          "optional": true
        },
        "@prettier/plugin-lua": {
          "optional": true
        },
        "@prettier/plugin-php": {
          "optional": true
        },
        "@prettier/plugin-pug": {
          "optional": true
        },
        "@prettier/plugin-python": {
          "optional": true
        },
        "@prettier/plugin-ruby": {
          "optional": true
        },
        "@prettier/plugin-xml": {
          "optional": true
        },
        "@voltiso/prettier-plugin-toml": {
          "optional": true
        },
        "prettier-plugin-astro": {
          "optional": true
        },
        "prettier-plugin-java": {
          "optional": true
        },
        "prettier-plugin-svelte": {
          "optional": true
        },
        "prettier-plugin-tailwindcss": {
          "optional": true
        }
      }
    },
    "node_modules/@magic/format/node_modules/@magic/cases": {
      "version": "0.0.9",
      "resolved": "https://registry.npmjs.org/@magic/cases/-/cases-0.0.9.tgz",
      "integrity": "sha512-TibN3VArMW6JBgnj8rKfiNtlVUCb+c5hlYYAoODkW92JxP0mlLwlePh9Emly43t8w9zesXbP1EciK3QZXAEiDg==",
      "dev": true,
      "license": "AGPL-3.0",
      "engines": {
        "node": ">=14.15.4"
      }
    },
    "node_modules/@magic/format/node_modules/@magic/cli": {
      "version": "0.0.46",
      "resolved": "https://registry.npmjs.org/@magic/cli/-/cli-0.0.46.tgz",
      "integrity": "sha512-wl43MuPduq6Bc0vtIIDnbe76hVrbxASzCV2ZgoxYwUkJDJOn6uOQdb4ih4wGAhT42OX2qpF/bDAqteM6iFl34Q==",
      "dev": true,
      "license": "AGPL-3.0",
      "dependencies": {
        "@magic/cases": "0.0.9",
        "@magic/deep": "0.1.16",
        "@magic/error": "0.0.17",
        "@magic/log": "0.1.18",
        "@magic/types": "0.1.23"
      },
      "engines": {
        "node": ">=14.15.4"
      }
    },
    "node_modules/@magic/format/node_modules/@magic/deep": {
      "version": "0.1.16",
      "resolved": "https://registry.npmjs.org/@magic/deep/-/deep-0.1.16.tgz",
      "integrity": "sha512-ZythITSAaq+FAJZC/6+t5yHPKPzGlsrkToP5DscvBvcR9wl/yUqsDdgkF1du4JLv8GFUSDnmeSW+XznxAbkh2g==",
      "dev": true,
      "license": "AGPL-3.0",
      "dependencies": {
        "@magic/types": "0.1.23"
      }
    },
    "node_modules/@magic/format/node_modules/@magic/error": {
      "version": "0.0.17",
      "resolved": "https://registry.npmjs.org/@magic/error/-/error-0.0.17.tgz",
      "integrity": "sha512-ZYb5hqjVvU4jg4W4/MzPxz6+HVRQLrnMKXUoOUCydi3sm2IaluShE3uYeNTHcM1KMRsn9kNfAds/q5IUReeygg==",
      "dev": true,
      "license": "AGPL-3.0",
      "dependencies": {
        "@magic/types": "0.1.23"
      }
    },
    "node_modules/@magic/format/node_modules/@magic/fs": {
      "version": "0.0.31",
      "resolved": "https://registry.npmjs.org/@magic/fs/-/fs-0.0.31.tgz",
      "integrity": "sha512-A2pWQlo9yERrRxPxCGVIz/Pl7K+CTmfDfFSquWO4CTX2+sh7d7Hp3JSd2CjThcN/AwneqsJYWV3gttdD/PhFlQ==",
      "dev": true,
      "license": "AGPL-3.0",
      "dependencies": {
        "@magic/deep": "0.1.16",
        "@magic/error": "0.0.17",
        "@magic/log": "0.1.18",
        "@magic/mime-types": "0.0.18",
        "@magic/types": "0.1.23"
      },
      "engines": {
        "node": ">=14.15.4"
      }
    },
    "node_modules/@magic/format/node_modules/@magic/log": {
      "version": "0.1.18",
      "resolved": "https://registry.npmjs.org/@magic/log/-/log-0.1.18.tgz",
      "integrity": "sha512-DgqxaeV5YoynspFSWI/5w5ATNVMmIGG+ApeY+7gtddgyGhIBAXFmM6EoOlotxCQZuOu016tIpsE39TMnznJfQw==",
      "dev": true,
      "license": "AGPL-3.0",
      "dependencies": {
        "@magic/types": "0.1.23"
      }
    },
    "node_modules/@magic/format/node_modules/@magic/mime-types": {
      "version": "0.0.18",
      "resolved": "https://registry.npmjs.org/@magic/mime-types/-/mime-types-0.0.18.tgz",
      "integrity": "sha512-W7lucmk0JM+wvjnXE1p/yTDdh/tENsvs2uUlV9CCOur8PBfY+t/Nvlyn0UnPScGVHf7ASyA8IuMmshC77//n3Q==",
      "dev": true,
      "license": "AGPL-3.0",
      "engines": {
        "node": ">=14.15.4"
      }
    },
    "node_modules/@magic/format/node_modules/@magic/types": {
      "version": "0.1.23",
      "resolved": "https://registry.npmjs.org/@magic/types/-/types-0.1.23.tgz",
      "integrity": "sha512-Jjfi8gfmEwySqxp3miqiJw7AbEuYz2XcjJtLpUQZeP8IuWFTAvHuhqk/xs3uA1Bu+K3ct7yB5Esog9jE+W+JZg==",
      "dev": true,
      "license": "AGPL-3.0",
      "engines": {
        "node": ">=14.15.4"
      }
    },
    "node_modules/@magic/fs": {
      "version": "0.0.26",
      "resolved": "https://registry.npmjs.org/@magic/fs/-/fs-0.0.26.tgz",
      "integrity": "sha512-WdmaKTSup9th3HqDSY/yw8IwOIr3fpON+aaXlAfC4dJ+oKnOVYcH88k7wDnMvqxTio/YrukxReqXzRA2/d3INg==",
      "dependencies": {
        "@magic/deep": "0.1.14",
        "@magic/error": "0.0.15",
        "@magic/log": "0.1.16",
        "@magic/mime-types": "0.0.16",
        "@magic/types": "0.1.21"
      },
      "engines": {
        "node": ">=14.15.4"
      }
    },
    "node_modules/@magic/log": {
      "version": "0.1.16",
      "resolved": "https://registry.npmjs.org/@magic/log/-/log-0.1.16.tgz",
      "integrity": "sha512-lrSiRZC4j83kGTznnHTJ7L4yJXkRgEJSKH6QWvnmipbFtEc2QWAlGTgKTUtu5oM4KnLK4v5BHwcWJdIvUH8scA==",
      "dependencies": {
        "@magic/types": "0.1.21"
      }
    },
    "node_modules/@magic/mime-types": {
      "version": "0.0.16",
      "resolved": "https://registry.npmjs.org/@magic/mime-types/-/mime-types-0.0.16.tgz",
      "integrity": "sha512-VMtgprPw3emEq1AHd/seQeJhknPdiX04xh1Gcr0YQpNuqgRP+8nmblGS0bRbDFR8JvKqfQIp5wQ2M1IJugaYkA==",
      "engines": {
        "node": ">=14.15.4"
      }
    },
    "node_modules/@magic/types": {
      "version": "0.1.21",
      "resolved": "https://registry.npmjs.org/@magic/types/-/types-0.1.21.tgz",
      "integrity": "sha512-dlqv0ZtVKfTiy02HiY6t8KwNE5lwAyXNseS+ga9+aPsR4LM8TRM5Z6lnqvt3JDuPU0vGLJipkX+m1Kq2igAw3Q==",
      "engines": {
        "node": ">=14.15.4"
      }
    },
    "node_modules/@netflix/nerror": {
      "version": "1.1.3",
      "resolved": "https://registry.npmjs.org/@netflix/nerror/-/nerror-1.1.3.tgz",
      "integrity": "sha512-b+MGNyP9/LXkapreJzNUzcvuzZslj/RGgdVVJ16P2wSlYatfLycPObImqVJSmNAdyeShvNeM/pl3sVZsObFueg==",
      "dev": true,
      "license": "MIT",
      "peer": true,
      "dependencies": {
        "assert-plus": "^1.0.0",
        "extsprintf": "^1.4.0",
        "lodash": "^4.17.15"
      }
    },
    "node_modules/assert-plus": {
      "version": "1.0.0",
      "resolved": "https://registry.npmjs.org/assert-plus/-/assert-plus-1.0.0.tgz",
      "integrity": "sha512-NfJ4UzBCcQGLDlQq7nHxH+tv3kyZ0hHQqF5BO6J7tNJeP5do1llPr8dZ8zHonfhAu0PHAdMkSo+8o0wxg9lZWw==",
      "dev": true,
      "license": "MIT",
      "peer": true,
      "engines": {
        "node": ">=0.8"
      }
    },
    "node_modules/chevrotain": {
      "version": "10.5.0",
      "resolved": "https://registry.npmjs.org/chevrotain/-/chevrotain-10.5.0.tgz",
      "integrity": "sha512-Pkv5rBY3+CsHOYfV5g/Vs5JY9WTHHDEKOlohI2XeygaZhUeqhAlldZ8Hz9cRmxu709bvS08YzxHdTPHhffc13A==",
      "dev": true,
      "license": "Apache-2.0",
      "peer": true,
      "dependencies": {
        "@chevrotain/cst-dts-gen": "10.5.0",
        "@chevrotain/gast": "10.5.0",
        "@chevrotain/types": "10.5.0",
        "@chevrotain/utils": "10.5.0",
        "lodash": "4.17.21",
        "regexp-to-ast": "0.5.0"
      }
    },
    "node_modules/extsprintf": {
      "version": "1.4.1",
      "resolved": "https://registry.npmjs.org/extsprintf/-/extsprintf-1.4.1.tgz",
      "integrity": "sha512-Wrk35e8ydCKDj/ArClo1VrPVmN8zph5V4AtHwIuHhvMXsKf73UT3BOD+azBIW+3wOJ4FhEH7zyaJCFvChjYvMA==",
      "dev": true,
      "engines": [
        "node >=0.6.0"
      ],
      "license": "MIT",
      "peer": true
    },
    "node_modules/lodash": {
      "version": "4.17.21",
      "resolved": "https://registry.npmjs.org/lodash/-/lodash-4.17.21.tgz",
      "integrity": "sha512-v2kDEe57lecTulaDIuNTPy3Ry4gLGJ6Z1O3vE1krgXZNrsQ+LFTGHVxVjcXPs17LhbZVGedAJv8XZ1tvj5FvSg==",
      "dev": true,
      "license": "MIT",
      "peer": true
    },
    "node_modules/prettier": {
      "version": "3.6.2",
      "resolved": "https://registry.npmjs.org/prettier/-/prettier-3.6.2.tgz",
      "integrity": "sha512-I7AIg5boAr5R0FFtJ6rCfD+LFsWHp81dolrFD8S79U9tb8Az2nGrJncnMSnys+bpQJfRUzqs9hnA81OAA3hCuQ==",
      "dev": true,
      "license": "MIT",
      "bin": {
        "prettier": "bin/prettier.cjs"
      },
      "engines": {
        "node": ">=14"
      },
      "funding": {
        "url": "https://github.com/prettier/prettier?sponsor=1"
      }
    },
    "node_modules/prettier-plugin-glsl": {
      "version": "0.2.2",
      "resolved": "https://registry.npmjs.org/prettier-plugin-glsl/-/prettier-plugin-glsl-0.2.2.tgz",
      "integrity": "sha512-VD4A59LtF6Eyw7FS46tOh6ZhVbIrdk3ikEPiFkyOAr8RgnuiL2Ad5EnuDqxYYzBqEPO3xDfhejieF3Q/AL5+7A==",
      "dev": true,
      "license": "MIT",
      "peer": true,
      "dependencies": {
        "@netflix/nerror": "^1.1.3",
        "chevrotain": "^10.5.0",
        "lodash": "^4.17.21"
      },
      "peerDependencies": {
        "prettier": "^3.0.0"
      }
    },
    "node_modules/regexp-to-ast": {
      "version": "0.5.0",
      "resolved": "https://registry.npmjs.org/regexp-to-ast/-/regexp-to-ast-0.5.0.tgz",
      "integrity": "sha512-tlbJqcMHnPKI9zSrystikWKwHkBqu2a/Sgw01h3zFjvYrMxEDYHzzoMZnUrbIfpTFEsoRnnviOXNCzFiSc54Qw==",
      "dev": true,
      "license": "MIT",
      "peer": true
    }
  },
  "dependencies": {
    "@chevrotain/cst-dts-gen": {
      "version": "10.5.0",
      "resolved": "https://registry.npmjs.org/@chevrotain/cst-dts-gen/-/cst-dts-gen-10.5.0.tgz",
      "integrity": "sha512-lhmC/FyqQ2o7pGK4Om+hzuDrm9rhFYIJ/AXoQBeongmn870Xeb0L6oGEiuR8nohFNL5sMaQEJWCxr1oIVIVXrw==",
      "dev": true,
      "peer": true,
      "requires": {
        "@chevrotain/gast": "10.5.0",
        "@chevrotain/types": "10.5.0",
        "lodash": "4.17.21"
      }
    },
    "@chevrotain/gast": {
      "version": "10.5.0",
      "resolved": "https://registry.npmjs.org/@chevrotain/gast/-/gast-10.5.0.tgz",
      "integrity": "sha512-pXdMJ9XeDAbgOWKuD1Fldz4ieCs6+nLNmyVhe2gZVqoO7v8HXuHYs5OV2EzUtbuai37TlOAQHrTDvxMnvMJz3A==",
      "dev": true,
      "peer": true,
      "requires": {
        "@chevrotain/types": "10.5.0",
        "lodash": "4.17.21"
      }
    },
    "@chevrotain/types": {
      "version": "10.5.0",
      "resolved": "https://registry.npmjs.org/@chevrotain/types/-/types-10.5.0.tgz",
      "integrity": "sha512-f1MAia0x/pAVPWH/T73BJVyO2XU5tI4/iE7cnxb7tqdNTNhQI3Uq3XkqcoteTmD4t1aM0LbHCJOhgIDn07kl2A==",
      "dev": true,
      "peer": true
    },
    "@chevrotain/utils": {
      "version": "10.5.0",
      "resolved": "https://registry.npmjs.org/@chevrotain/utils/-/utils-10.5.0.tgz",
      "integrity": "sha512-hBzuU5+JjB2cqNZyszkDHZgOSrUUT8V3dhgRl8Q9Gp6dAj/H5+KILGjbhDpc3Iy9qmqlm/akuOI2ut9VUtzJxQ==",
      "dev": true,
      "peer": true
    },
    "@grundstein/commons": {
      "version": "0.0.10",
      "resolved": "https://registry.npmjs.org/@grundstein/commons/-/commons-0.0.10.tgz",
      "integrity": "sha512-YcOPFkpvO7haDD3fBijYdANqzGzngDTrCHreb//N8Smt43qyVRN768VYF/OviIvKZRWg7yBqW/r6hy08Erc5ZQ==",
      "requires": {
        "@magic/cli": "0.0.42",
        "@magic/error": "0.0.15",
        "@magic/fs": "0.0.26",
        "@magic/log": "0.1.16",
        "@magic/types": "0.1.21"
      }
    },
    "@grundstein/gss": {
      "version": "0.0.14",
      "resolved": "https://registry.npmjs.org/@grundstein/gss/-/gss-0.0.14.tgz",
      "integrity": "sha512-nGELGaQrlHd7ENyIj85mEppuliamSgZV2mN9cDHYEgUqnb2U45eUHHc/ciI9jKxANJsuyblOAbULNx6XwWGKLg==",
      "requires": {
        "@grundstein/commons": "0.0.10",
        "@magic/cli": "0.0.42",
        "@magic/fs": "0.0.26",
        "@magic/mime-types": "0.0.16"
      }
    },
    "@magic/cases": {
      "version": "0.0.8",
      "resolved": "https://registry.npmjs.org/@magic/cases/-/cases-0.0.8.tgz",
      "integrity": "sha512-MFhFThRbR+LSZmvCMx6QCedDUYqtEuUF1BRxGv1hSVSPn6YpTJJ53GQOIpZKmvC9LbTRGxIvdsjM0Bk+CsVJyg=="
    },
    "@magic/cli": {
      "version": "0.0.42",
      "resolved": "https://registry.npmjs.org/@magic/cli/-/cli-0.0.42.tgz",
      "integrity": "sha512-iztUe521IpauY2F2Fr8oKuWKL03Vz7p9yOdetY0xDTOKNAxNZYbq4oVHkhrTZ7KXJS9QgVo9GScAlqHOjozR9w==",
      "requires": {
        "@magic/cases": "0.0.8",
        "@magic/deep": "0.1.14",
        "@magic/error": "0.0.15",
        "@magic/log": "0.1.16",
        "@magic/types": "0.1.21"
      }
    },
    "@magic/deep": {
      "version": "0.1.14",
      "resolved": "https://registry.npmjs.org/@magic/deep/-/deep-0.1.14.tgz",
      "integrity": "sha512-pYptInUUn7Bx0wbZ9EFhqyrCVydN/PUZqh5oM7usl7DzmjPoJ4RJ9ZuTIZ/5zrS+J15QvdU3RT9WvpveAwWdeg==",
      "requires": {
        "@magic/types": "0.1.21"
      }
    },
    "@magic/error": {
      "version": "0.0.15",
      "resolved": "https://registry.npmjs.org/@magic/error/-/error-0.0.15.tgz",
      "integrity": "sha512-+Ccu0p+uXLJOcea2ZJuM7NHBQSSq+QV1FMb5wlu3DUEsf1EmdX2a0ts6iYdU2F/2RoNkMXKgIchUZ7/BbLvPvQ==",
      "requires": {
        "@magic/types": "0.1.21"
      }
    },
    "@magic/format": {
      "version": "0.0.68",
      "resolved": "https://registry.npmjs.org/@magic/format/-/format-0.0.68.tgz",
      "integrity": "sha512-o+XswNgN7T4Qk9INRuJpuaGOBlGjl+IO6zt5s79hqyhaDSFzJ0llBCfqUCqxZJVSgauQjAtHnAFItPf9qJ1AYA==",
      "dev": true,
      "requires": {
        "@magic/cli": "0.0.46",
        "@magic/deep": "0.1.16",
        "@magic/fs": "0.0.31",
        "@magic/log": "0.1.18",
        "@magic/types": "0.1.23",
        "prettier": "3.6.2"
      },
      "dependencies": {
        "@magic/cases": {
          "version": "0.0.9",
          "resolved": "https://registry.npmjs.org/@magic/cases/-/cases-0.0.9.tgz",
          "integrity": "sha512-TibN3VArMW6JBgnj8rKfiNtlVUCb+c5hlYYAoODkW92JxP0mlLwlePh9Emly43t8w9zesXbP1EciK3QZXAEiDg==",
          "dev": true
        },
        "@magic/cli": {
          "version": "0.0.46",
          "resolved": "https://registry.npmjs.org/@magic/cli/-/cli-0.0.46.tgz",
          "integrity": "sha512-wl43MuPduq6Bc0vtIIDnbe76hVrbxASzCV2ZgoxYwUkJDJOn6uOQdb4ih4wGAhT42OX2qpF/bDAqteM6iFl34Q==",
          "dev": true,
          "requires": {
            "@magic/cases": "0.0.9",
            "@magic/deep": "0.1.16",
            "@magic/error": "0.0.17",
            "@magic/log": "0.1.18",
            "@magic/types": "0.1.23"
          }
        },
        "@magic/deep": {
          "version": "0.1.16",
          "resolved": "https://registry.npmjs.org/@magic/deep/-/deep-0.1.16.tgz",
          "integrity": "sha512-ZythITSAaq+FAJZC/6+t5yHPKPzGlsrkToP5DscvBvcR9wl/yUqsDdgkF1du4JLv8GFUSDnmeSW+XznxAbkh2g==",
          "dev": true,
          "requires": {
            "@magic/types": "0.1.23"
          }
        },
        "@magic/error": {
          "version": "0.0.17",
          "resolved": "https://registry.npmjs.org/@magic/error/-/error-0.0.17.tgz",
          "integrity": "sha512-ZYb5hqjVvU4jg4W4/MzPxz6+HVRQLrnMKXUoOUCydi3sm2IaluShE3uYeNTHcM1KMRsn9kNfAds/q5IUReeygg==",
          "dev": true,
          "requires": {
            "@magic/types": "0.1.23"
          }
        },
        "@magic/fs": {
          "version": "0.0.31",
          "resolved": "https://registry.npmjs.org/@magic/fs/-/fs-0.0.31.tgz",
          "integrity": "sha512-A2pWQlo9yERrRxPxCGVIz/Pl7K+CTmfDfFSquWO4CTX2+sh7d7Hp3JSd2CjThcN/AwneqsJYWV3gttdD/PhFlQ==",
          "dev": true,
          "requires": {
            "@magic/deep": "0.1.16",
            "@magic/error": "0.0.17",
            "@magic/log": "0.1.18",
            "@magic/mime-types": "0.0.18",
            "@magic/types": "0.1.23"
          }
        },
        "@magic/log": {
          "version": "0.1.18",
          "resolved": "https://registry.npmjs.org/@magic/log/-/log-0.1.18.tgz",
          "integrity": "sha512-DgqxaeV5YoynspFSWI/5w5ATNVMmIGG+ApeY+7gtddgyGhIBAXFmM6EoOlotxCQZuOu016tIpsE39TMnznJfQw==",
          "dev": true,
          "requires": {
            "@magic/types": "0.1.23"
          }
        },
        "@magic/mime-types": {
          "version": "0.0.18",
          "resolved": "https://registry.npmjs.org/@magic/mime-types/-/mime-types-0.0.18.tgz",
          "integrity": "sha512-W7lucmk0JM+wvjnXE1p/yTDdh/tENsvs2uUlV9CCOur8PBfY+t/Nvlyn0UnPScGVHf7ASyA8IuMmshC77//n3Q==",
          "dev": true
        },
        "@magic/types": {
          "version": "0.1.23",
          "resolved": "https://registry.npmjs.org/@magic/types/-/types-0.1.23.tgz",
          "integrity": "sha512-Jjfi8gfmEwySqxp3miqiJw7AbEuYz2XcjJtLpUQZeP8IuWFTAvHuhqk/xs3uA1Bu+K3ct7yB5Esog9jE+W+JZg==",
          "dev": true
        }
      }
    },
    "@magic/fs": {
      "version": "0.0.26",
      "resolved": "https://registry.npmjs.org/@magic/fs/-/fs-0.0.26.tgz",
      "integrity": "sha512-WdmaKTSup9th3HqDSY/yw8IwOIr3fpON+aaXlAfC4dJ+oKnOVYcH88k7wDnMvqxTio/YrukxReqXzRA2/d3INg==",
      "requires": {
        "@magic/deep": "0.1.14",
        "@magic/error": "0.0.15",
        "@magic/log": "0.1.16",
        "@magic/mime-types": "0.0.16",
        "@magic/types": "0.1.21"
      }
    },
    "@magic/log": {
      "version": "0.1.16",
      "resolved": "https://registry.npmjs.org/@magic/log/-/log-0.1.16.tgz",
      "integrity": "sha512-lrSiRZC4j83kGTznnHTJ7L4yJXkRgEJSKH6QWvnmipbFtEc2QWAlGTgKTUtu5oM4KnLK4v5BHwcWJdIvUH8scA==",
      "requires": {
        "@magic/types": "0.1.21"
      }
    },
    "@magic/mime-types": {
      "version": "0.0.16",
      "resolved": "https://registry.npmjs.org/@magic/mime-types/-/mime-types-0.0.16.tgz",
      "integrity": "sha512-VMtgprPw3emEq1AHd/seQeJhknPdiX04xh1Gcr0YQpNuqgRP+8nmblGS0bRbDFR8JvKqfQIp5wQ2M1IJugaYkA=="
    },
    "@magic/types": {
      "version": "0.1.21",
      "resolved": "https://registry.npmjs.org/@magic/types/-/types-0.1.21.tgz",
      "integrity": "sha512-dlqv0ZtVKfTiy02HiY6t8KwNE5lwAyXNseS+ga9+aPsR4LM8TRM5Z6lnqvt3JDuPU0vGLJipkX+m1Kq2igAw3Q=="
    },
    "@netflix/nerror": {
      "version": "1.1.3",
      "resolved": "https://registry.npmjs.org/@netflix/nerror/-/nerror-1.1.3.tgz",
      "integrity": "sha512-b+MGNyP9/LXkapreJzNUzcvuzZslj/RGgdVVJ16P2wSlYatfLycPObImqVJSmNAdyeShvNeM/pl3sVZsObFueg==",
      "dev": true,
      "peer": true,
      "requires": {
        "assert-plus": "^1.0.0",
        "extsprintf": "^1.4.0",
        "lodash": "^4.17.15"
      }
    },
    "assert-plus": {
      "version": "1.0.0",
      "resolved": "https://registry.npmjs.org/assert-plus/-/assert-plus-1.0.0.tgz",
      "integrity": "sha512-NfJ4UzBCcQGLDlQq7nHxH+tv3kyZ0hHQqF5BO6J7tNJeP5do1llPr8dZ8zHonfhAu0PHAdMkSo+8o0wxg9lZWw==",
      "dev": true,
      "peer": true
    },
    "chevrotain": {
      "version": "10.5.0",
      "resolved": "https://registry.npmjs.org/chevrotain/-/chevrotain-10.5.0.tgz",
      "integrity": "sha512-Pkv5rBY3+CsHOYfV5g/Vs5JY9WTHHDEKOlohI2XeygaZhUeqhAlldZ8Hz9cRmxu709bvS08YzxHdTPHhffc13A==",
      "dev": true,
      "peer": true,
      "requires": {
        "@chevrotain/cst-dts-gen": "10.5.0",
        "@chevrotain/gast": "10.5.0",
        "@chevrotain/types": "10.5.0",
        "@chevrotain/utils": "10.5.0",
        "lodash": "4.17.21",
        "regexp-to-ast": "0.5.0"
      }
    },
    "extsprintf": {
      "version": "1.4.1",
      "resolved": "https://registry.npmjs.org/extsprintf/-/extsprintf-1.4.1.tgz",
      "integrity": "sha512-Wrk35e8ydCKDj/ArClo1VrPVmN8zph5V4AtHwIuHhvMXsKf73UT3BOD+azBIW+3wOJ4FhEH7zyaJCFvChjYvMA==",
      "dev": true,
      "peer": true
    },
    "lodash": {
      "version": "4.17.21",
      "resolved": "https://registry.npmjs.org/lodash/-/lodash-4.17.21.tgz",
      "integrity": "sha512-v2kDEe57lecTulaDIuNTPy3Ry4gLGJ6Z1O3vE1krgXZNrsQ+LFTGHVxVjcXPs17LhbZVGedAJv8XZ1tvj5FvSg==",
      "dev": true,
      "peer": true
    },
    "prettier": {
      "version": "3.6.2",
      "resolved": "https://registry.npmjs.org/prettier/-/prettier-3.6.2.tgz",
      "integrity": "sha512-I7AIg5boAr5R0FFtJ6rCfD+LFsWHp81dolrFD8S79U9tb8Az2nGrJncnMSnys+bpQJfRUzqs9hnA81OAA3hCuQ==",
      "dev": true
    },
    "prettier-plugin-glsl": {
      "version": "0.2.2",
      "resolved": "https://registry.npmjs.org/prettier-plugin-glsl/-/prettier-plugin-glsl-0.2.2.tgz",
      "integrity": "sha512-VD4A59LtF6Eyw7FS46tOh6ZhVbIrdk3ikEPiFkyOAr8RgnuiL2Ad5EnuDqxYYzBqEPO3xDfhejieF3Q/AL5+7A==",
      "dev": true,
      "peer": true,
      "requires": {
        "@netflix/nerror": "^1.1.3",
        "chevrotain": "^10.5.0",
        "lodash": "^4.17.21"
      }
    },
    "regexp-to-ast": {
      "version": "0.5.0",
      "resolved": "https://registry.npmjs.org/regexp-to-ast/-/regexp-to-ast-0.5.0.tgz",
      "integrity": "sha512-tlbJqcMHnPKI9zSrystikWKwHkBqu2a/Sgw01h3zFjvYrMxEDYHzzoMZnUrbIfpTFEsoRnnviOXNCzFiSc54Qw==",
      "dev": true,
      "peer": true
    }
  }
}
