{
  "name": "@artificialmuseum/sandbox",
  "version": "0.0.1",
  "lockfileVersion": 2,
  "requires": true,
  "packages": {
    "": {
      "name": "@artificialmuseum/sandbox",
      "version": "0.0.1",
      "license": "AGPL-3.0",
      "dependencies": {
        "three": "0.133.1"
      },
      "devDependencies": {
        "@grundstein/gss": "0.0.4"
      }
    },
    "node_modules/@grundstein/commons": {
      "version": "0.0.3",
      "resolved": "https://registry.npmjs.org/@grundstein/commons/-/commons-0.0.3.tgz",
      "integrity": "sha512-oPhShwySqQ6nbWm1y/F4ef9LZK4WNrQlqC315N1KioVZlgNeMEXhJcjs6L7x4yj1A0wSG4aY2Onn+01ptwQs1g==",
      "dev": true,
      "dependencies": {
        "@magic/cli": "0.0.34",
        "@magic/error": "0.0.10",
        "@magic/fs": "0.0.16",
        "@magic/log": "0.1.10",
        "@magic/types": "0.1.16"
      },
      "engines": {
        "node": ">=14.14.0"
      }
    },
    "node_modules/@grundstein/gss": {
      "version": "0.0.4",
      "resolved": "https://registry.npmjs.org/@grundstein/gss/-/gss-0.0.4.tgz",
      "integrity": "sha512-BBk/wZ8iii2n5Hqcz3fX3a6E7SVzXlg14Uj6pItVcGtg19s+YHMhUmzFQeS9Sb025uQGgJtKXZZqRv3393gA2A==",
      "dev": true,
      "dependencies": {
        "@grundstein/commons": "0.0.3",
        "@magic/cli": "0.0.34",
        "@magic/fs": "0.0.16",
        "@magic/mime-types": "0.0.10"
      },
      "bin": {
        "grundstein-server": "src/bin.mjs",
        "gss": "src/bin.mjs"
      },
      "engines": {
        "node": ">=14.14.0"
      }
    },
    "node_modules/@magic/cases": {
      "version": "0.0.5",
      "resolved": "https://registry.npmjs.org/@magic/cases/-/cases-0.0.5.tgz",
      "integrity": "sha512-HxiOZqj8Auho0+IseyPCgHoXi297UID0pORaH+RALXz83wQ6aZ64FkI4M7fbeBsM0+t1SSJmz2SqUDV0erdWow==",
      "dev": true,
      "engines": {
        "node": ">=14.15.4"
      }
    },
    "node_modules/@magic/cli": {
      "version": "0.0.34",
      "resolved": "https://registry.npmjs.org/@magic/cli/-/cli-0.0.34.tgz",
      "integrity": "sha512-OXXz9VkvhZEgZm7/S4xA943ijOIMy/dH18/EI8mt68eAYKR32vG/s7998RFoilBGQRhRzdQanyGyg1c1xdl6Vg==",
      "dev": true,
      "dependencies": {
        "@magic/cases": "0.0.5",
        "@magic/log": "0.1.10",
        "@magic/types": "0.1.16"
      },
      "engines": {
        "node": ">=14.15.4"
      }
    },
    "node_modules/@magic/deep": {
      "version": "0.1.7",
      "resolved": "https://registry.npmjs.org/@magic/deep/-/deep-0.1.7.tgz",
      "integrity": "sha512-lGTzGm2NXnPuQkGgTUGVn8C0lI7nqop0THlnitKGZJysJvHLzNIwru1CoAIu+Yb7FNL4QJ806uqsVfF3YPNoEA==",
      "dev": true,
      "dependencies": {
        "@magic/types": "0.1.16"
      }
    },
    "node_modules/@magic/error": {
      "version": "0.0.10",
      "resolved": "https://registry.npmjs.org/@magic/error/-/error-0.0.10.tgz",
      "integrity": "sha512-FkdbOISyw+yTS1sB65gmTu3W47+VIfK42yGziMa4tWvC8IvHeJxxNxLAZZmI9+1TzbnKK8+sD9AMM/mTH4CD+A==",
      "dev": true,
      "dependencies": {
        "@magic/types": "0.1.16"
      }
    },
    "node_modules/@magic/fs": {
      "version": "0.0.16",
      "resolved": "https://registry.npmjs.org/@magic/fs/-/fs-0.0.16.tgz",
      "integrity": "sha512-a+/6tftwLS/LGU8RBxTkAmmQc7j2J2l2S391/nTnEPqEvoJMtab7cfE53uA/Y7zPYLYiIab2JsHS7VHKbBIgbQ==",
      "dev": true,
      "dependencies": {
        "@magic/deep": "0.1.7",
        "@magic/error": "0.0.10",
        "@magic/mime-types": "0.0.10",
        "@magic/types": "0.1.16"
      },
      "engines": {
        "node": ">=14.15.4"
      }
    },
    "node_modules/@magic/log": {
      "version": "0.1.10",
      "resolved": "https://registry.npmjs.org/@magic/log/-/log-0.1.10.tgz",
      "integrity": "sha512-JXPzuUBeNC9TXsyCWewQireh02lld12iqdSaj/Ly3aUIRb6OpuIRNLhdnUfAW9hjofO5sCYED4n9rUYd/EYRnA==",
      "dev": true,
      "dependencies": {
        "@magic/types": "0.1.16"
      }
    },
    "node_modules/@magic/mime-types": {
      "version": "0.0.10",
      "resolved": "https://registry.npmjs.org/@magic/mime-types/-/mime-types-0.0.10.tgz",
      "integrity": "sha512-U54qXAB7QD1/mVHz8NnyZacIVBuMTFFHpSumOHBxVMaevQK8uegr2Ju6p6HAv5nVG/UBV01dPBV9954SYxEMrQ==",
      "dev": true,
      "engines": {
        "node": ">=14.15.4"
      }
    },
    "node_modules/@magic/types": {
      "version": "0.1.16",
      "resolved": "https://registry.npmjs.org/@magic/types/-/types-0.1.16.tgz",
      "integrity": "sha512-B84tHUCLuXpzuyMWI1X7lgp0EyGQrSp3GjlCxeI/Dpn7oILCE7dxMEU8oUC2jbQHr8mDgKoyqtB1XfWJ/ErRlA==",
      "dev": true,
      "engines": {
        "node": ">=14.15.4"
      }
    },
    "node_modules/three": {
      "version": "0.133.1",
      "resolved": "https://registry.npmjs.org/three/-/three-0.133.1.tgz",
      "integrity": "sha512-WydohO8ll949B0FTD6MGz59Yv2Lwj8hvObg/0Heh2r42S6+tQC1WByfCNRdmG4D7+odfGod+n8JPV1I2xrboWw=="
    }
  },
  "dependencies": {
    "@grundstein/commons": {
      "version": "0.0.3",
      "resolved": "https://registry.npmjs.org/@grundstein/commons/-/commons-0.0.3.tgz",
      "integrity": "sha512-oPhShwySqQ6nbWm1y/F4ef9LZK4WNrQlqC315N1KioVZlgNeMEXhJcjs6L7x4yj1A0wSG4aY2Onn+01ptwQs1g==",
      "dev": true,
      "requires": {
        "@magic/cli": "0.0.34",
        "@magic/error": "0.0.10",
        "@magic/fs": "0.0.16",
        "@magic/log": "0.1.10",
        "@magic/types": "0.1.16"
      }
    },
    "@grundstein/gss": {
      "version": "0.0.4",
      "resolved": "https://registry.npmjs.org/@grundstein/gss/-/gss-0.0.4.tgz",
      "integrity": "sha512-BBk/wZ8iii2n5Hqcz3fX3a6E7SVzXlg14Uj6pItVcGtg19s+YHMhUmzFQeS9Sb025uQGgJtKXZZqRv3393gA2A==",
      "dev": true,
      "requires": {
        "@grundstein/commons": "0.0.3",
        "@magic/cli": "0.0.34",
        "@magic/fs": "0.0.16",
        "@magic/mime-types": "0.0.10"
      }
    },
    "@magic/cases": {
      "version": "0.0.5",
      "resolved": "https://registry.npmjs.org/@magic/cases/-/cases-0.0.5.tgz",
      "integrity": "sha512-HxiOZqj8Auho0+IseyPCgHoXi297UID0pORaH+RALXz83wQ6aZ64FkI4M7fbeBsM0+t1SSJmz2SqUDV0erdWow==",
      "dev": true
    },
    "@magic/cli": {
      "version": "0.0.34",
      "resolved": "https://registry.npmjs.org/@magic/cli/-/cli-0.0.34.tgz",
      "integrity": "sha512-OXXz9VkvhZEgZm7/S4xA943ijOIMy/dH18/EI8mt68eAYKR32vG/s7998RFoilBGQRhRzdQanyGyg1c1xdl6Vg==",
      "dev": true,
      "requires": {
        "@magic/cases": "0.0.5",
        "@magic/log": "0.1.10",
        "@magic/types": "0.1.16"
      }
    },
    "@magic/deep": {
      "version": "0.1.7",
      "resolved": "https://registry.npmjs.org/@magic/deep/-/deep-0.1.7.tgz",
      "integrity": "sha512-lGTzGm2NXnPuQkGgTUGVn8C0lI7nqop0THlnitKGZJysJvHLzNIwru1CoAIu+Yb7FNL4QJ806uqsVfF3YPNoEA==",
      "dev": true,
      "requires": {
        "@magic/types": "0.1.16"
      }
    },
    "@magic/error": {
      "version": "0.0.10",
      "resolved": "https://registry.npmjs.org/@magic/error/-/error-0.0.10.tgz",
      "integrity": "sha512-FkdbOISyw+yTS1sB65gmTu3W47+VIfK42yGziMa4tWvC8IvHeJxxNxLAZZmI9+1TzbnKK8+sD9AMM/mTH4CD+A==",
      "dev": true,
      "requires": {
        "@magic/types": "0.1.16"
      }
    },
    "@magic/fs": {
      "version": "0.0.16",
      "resolved": "https://registry.npmjs.org/@magic/fs/-/fs-0.0.16.tgz",
      "integrity": "sha512-a+/6tftwLS/LGU8RBxTkAmmQc7j2J2l2S391/nTnEPqEvoJMtab7cfE53uA/Y7zPYLYiIab2JsHS7VHKbBIgbQ==",
      "dev": true,
      "requires": {
        "@magic/deep": "0.1.7",
        "@magic/error": "0.0.10",
        "@magic/mime-types": "0.0.10",
        "@magic/types": "0.1.16"
      }
    },
    "@magic/log": {
      "version": "0.1.10",
      "resolved": "https://registry.npmjs.org/@magic/log/-/log-0.1.10.tgz",
      "integrity": "sha512-JXPzuUBeNC9TXsyCWewQireh02lld12iqdSaj/Ly3aUIRb6OpuIRNLhdnUfAW9hjofO5sCYED4n9rUYd/EYRnA==",
      "dev": true,
      "requires": {
        "@magic/types": "0.1.16"
      }
    },
    "@magic/mime-types": {
      "version": "0.0.10",
      "resolved": "https://registry.npmjs.org/@magic/mime-types/-/mime-types-0.0.10.tgz",
      "integrity": "sha512-U54qXAB7QD1/mVHz8NnyZacIVBuMTFFHpSumOHBxVMaevQK8uegr2Ju6p6HAv5nVG/UBV01dPBV9954SYxEMrQ==",
      "dev": true
    },
    "@magic/types": {
      "version": "0.1.16",
      "resolved": "https://registry.npmjs.org/@magic/types/-/types-0.1.16.tgz",
      "integrity": "sha512-B84tHUCLuXpzuyMWI1X7lgp0EyGQrSp3GjlCxeI/Dpn7oILCE7dxMEU8oUC2jbQHr8mDgKoyqtB1XfWJ/ErRlA==",
      "dev": true
    },
    "three": {
      "version": "0.133.1",
      "resolved": "https://registry.npmjs.org/three/-/three-0.133.1.tgz",
      "integrity": "sha512-WydohO8ll949B0FTD6MGz59Yv2Lwj8hvObg/0Heh2r42S6+tQC1WByfCNRdmG4D7+odfGod+n8JPV1I2xrboWw=="
    }
  }
}
