{
  "name": "@artificialmuseum/sandbox",
  "version": "0.0.1",
  "lockfileVersion": 2,
  "requires": true,
  "packages": {
    "": {
      "name": "@artificialmuseum/sandbox",
      "version": "0.0.1",
      "license": "AGPL-3.0",
      "dependencies": {
        "@grundstein/gss": "0.0.14"
      }
    },
    "node_modules/@grundstein/commons": {
      "version": "0.0.10",
      "resolved": "https://registry.npmjs.org/@grundstein/commons/-/commons-0.0.10.tgz",
      "integrity": "sha512-YcOPFkpvO7haDD3fBijYdANqzGzngDTrCHreb//N8Smt43qyVRN768VYF/OviIvKZRWg7yBqW/r6hy08Erc5ZQ==",
      "dependencies": {
        "@magic/cli": "0.0.42",
        "@magic/error": "0.0.15",
        "@magic/fs": "0.0.26",
        "@magic/log": "0.1.16",
        "@magic/types": "0.1.21"
      },
      "engines": {
        "node": ">=14.14.0"
      }
    },
    "node_modules/@grundstein/gss": {
      "version": "0.0.14",
      "resolved": "https://registry.npmjs.org/@grundstein/gss/-/gss-0.0.14.tgz",
      "integrity": "sha512-nGELGaQrlHd7ENyIj85mEppuliamSgZV2mN9cDHYEgUqnb2U45eUHHc/ciI9jKxANJsuyblOAbULNx6XwWGKLg==",
      "dependencies": {
        "@grundstein/commons": "0.0.10",
        "@magic/cli": "0.0.42",
        "@magic/fs": "0.0.26",
        "@magic/mime-types": "0.0.16"
      },
      "bin": {
        "grundstein-server": "src/bin.mjs",
        "gss": "src/bin.mjs"
      },
      "engines": {
        "node": ">=14.14.0"
      }
    },
    "node_modules/@magic/cases": {
      "version": "0.0.8",
      "resolved": "https://registry.npmjs.org/@magic/cases/-/cases-0.0.8.tgz",
      "integrity": "sha512-MFhFThRbR+LSZmvCMx6QCedDUYqtEuUF1BRxGv1hSVSPn6YpTJJ53GQOIpZKmvC9LbTRGxIvdsjM0Bk+CsVJyg==",
      "engines": {
        "node": ">=14.15.4"
      }
    },
    "node_modules/@magic/cli": {
      "version": "0.0.42",
      "resolved": "https://registry.npmjs.org/@magic/cli/-/cli-0.0.42.tgz",
      "integrity": "sha512-iztUe521IpauY2F2Fr8oKuWKL03Vz7p9yOdetY0xDTOKNAxNZYbq4oVHkhrTZ7KXJS9QgVo9GScAlqHOjozR9w==",
      "dependencies": {
        "@magic/cases": "0.0.8",
        "@magic/deep": "0.1.14",
        "@magic/error": "0.0.15",
        "@magic/log": "0.1.16",
        "@magic/types": "0.1.21"
      },
      "engines": {
        "node": ">=14.15.4"
      }
    },
    "node_modules/@magic/deep": {
      "version": "0.1.14",
      "resolved": "https://registry.npmjs.org/@magic/deep/-/deep-0.1.14.tgz",
      "integrity": "sha512-pYptInUUn7Bx0wbZ9EFhqyrCVydN/PUZqh5oM7usl7DzmjPoJ4RJ9ZuTIZ/5zrS+J15QvdU3RT9WvpveAwWdeg==",
      "dependencies": {
        "@magic/types": "0.1.21"
      }
    },
    "node_modules/@magic/error": {
      "version": "0.0.15",
      "resolved": "https://registry.npmjs.org/@magic/error/-/error-0.0.15.tgz",
      "integrity": "sha512-+Ccu0p+uXLJOcea2ZJuM7NHBQSSq+QV1FMb5wlu3DUEsf1EmdX2a0ts6iYdU2F/2RoNkMXKgIchUZ7/BbLvPvQ==",
      "dependencies": {
        "@magic/types": "0.1.21"
      }
    },
    "node_modules/@magic/fs": {
      "version": "0.0.26",
      "resolved": "https://registry.npmjs.org/@magic/fs/-/fs-0.0.26.tgz",
      "integrity": "sha512-WdmaKTSup9th3HqDSY/yw8IwOIr3fpON+aaXlAfC4dJ+oKnOVYcH88k7wDnMvqxTio/YrukxReqXzRA2/d3INg==",
      "dependencies": {
        "@magic/deep": "0.1.14",
        "@magic/error": "0.0.15",
        "@magic/log": "0.1.16",
        "@magic/mime-types": "0.0.16",
        "@magic/types": "0.1.21"
      },
      "engines": {
        "node": ">=14.15.4"
      }
    },
    "node_modules/@magic/log": {
      "version": "0.1.16",
      "resolved": "https://registry.npmjs.org/@magic/log/-/log-0.1.16.tgz",
      "integrity": "sha512-lrSiRZC4j83kGTznnHTJ7L4yJXkRgEJSKH6QWvnmipbFtEc2QWAlGTgKTUtu5oM4KnLK4v5BHwcWJdIvUH8scA==",
      "dependencies": {
        "@magic/types": "0.1.21"
      }
    },
    "node_modules/@magic/mime-types": {
      "version": "0.0.16",
      "resolved": "https://registry.npmjs.org/@magic/mime-types/-/mime-types-0.0.16.tgz",
      "integrity": "sha512-VMtgprPw3emEq1AHd/seQeJhknPdiX04xh1Gcr0YQpNuqgRP+8nmblGS0bRbDFR8JvKqfQIp5wQ2M1IJugaYkA==",
      "engines": {
        "node": ">=14.15.4"
      }
    },
    "node_modules/@magic/types": {
      "version": "0.1.21",
      "resolved": "https://registry.npmjs.org/@magic/types/-/types-0.1.21.tgz",
      "integrity": "sha512-dlqv0ZtVKfTiy02HiY6t8KwNE5lwAyXNseS+ga9+aPsR4LM8TRM5Z6lnqvt3JDuPU0vGLJipkX+m1Kq2igAw3Q==",
      "engines": {
        "node": ">=14.15.4"
      }
    }
  },
  "dependencies": {
    "@grundstein/commons": {
      "version": "0.0.10",
      "resolved": "https://registry.npmjs.org/@grundstein/commons/-/commons-0.0.10.tgz",
      "integrity": "sha512-YcOPFkpvO7haDD3fBijYdANqzGzngDTrCHreb//N8Smt43qyVRN768VYF/OviIvKZRWg7yBqW/r6hy08Erc5ZQ==",
      "requires": {
        "@magic/cli": "0.0.42",
        "@magic/error": "0.0.15",
        "@magic/fs": "0.0.26",
        "@magic/log": "0.1.16",
        "@magic/types": "0.1.21"
      }
    },
    "@grundstein/gss": {
      "version": "0.0.14",
      "resolved": "https://registry.npmjs.org/@grundstein/gss/-/gss-0.0.14.tgz",
      "integrity": "sha512-nGELGaQrlHd7ENyIj85mEppuliamSgZV2mN9cDHYEgUqnb2U45eUHHc/ciI9jKxANJsuyblOAbULNx6XwWGKLg==",
      "requires": {
        "@grundstein/commons": "0.0.10",
        "@magic/cli": "0.0.42",
        "@magic/fs": "0.0.26",
        "@magic/mime-types": "0.0.16"
      }
    },
    "@magic/cases": {
      "version": "0.0.8",
      "resolved": "https://registry.npmjs.org/@magic/cases/-/cases-0.0.8.tgz",
      "integrity": "sha512-MFhFThRbR+LSZmvCMx6QCedDUYqtEuUF1BRxGv1hSVSPn6YpTJJ53GQOIpZKmvC9LbTRGxIvdsjM0Bk+CsVJyg=="
    },
    "@magic/cli": {
      "version": "0.0.42",
      "resolved": "https://registry.npmjs.org/@magic/cli/-/cli-0.0.42.tgz",
      "integrity": "sha512-iztUe521IpauY2F2Fr8oKuWKL03Vz7p9yOdetY0xDTOKNAxNZYbq4oVHkhrTZ7KXJS9QgVo9GScAlqHOjozR9w==",
      "requires": {
        "@magic/cases": "0.0.8",
        "@magic/deep": "0.1.14",
        "@magic/error": "0.0.15",
        "@magic/log": "0.1.16",
        "@magic/types": "0.1.21"
      }
    },
    "@magic/deep": {
      "version": "0.1.14",
      "resolved": "https://registry.npmjs.org/@magic/deep/-/deep-0.1.14.tgz",
      "integrity": "sha512-pYptInUUn7Bx0wbZ9EFhqyrCVydN/PUZqh5oM7usl7DzmjPoJ4RJ9ZuTIZ/5zrS+J15QvdU3RT9WvpveAwWdeg==",
      "requires": {
        "@magic/types": "0.1.21"
      }
    },
    "@magic/error": {
      "version": "0.0.15",
      "resolved": "https://registry.npmjs.org/@magic/error/-/error-0.0.15.tgz",
      "integrity": "sha512-+Ccu0p+uXLJOcea2ZJuM7NHBQSSq+QV1FMb5wlu3DUEsf1EmdX2a0ts6iYdU2F/2RoNkMXKgIchUZ7/BbLvPvQ==",
      "requires": {
        "@magic/types": "0.1.21"
      }
    },
    "@magic/fs": {
      "version": "0.0.26",
      "resolved": "https://registry.npmjs.org/@magic/fs/-/fs-0.0.26.tgz",
      "integrity": "sha512-WdmaKTSup9th3HqDSY/yw8IwOIr3fpON+aaXlAfC4dJ+oKnOVYcH88k7wDnMvqxTio/YrukxReqXzRA2/d3INg==",
      "requires": {
        "@magic/deep": "0.1.14",
        "@magic/error": "0.0.15",
        "@magic/log": "0.1.16",
        "@magic/mime-types": "0.0.16",
        "@magic/types": "0.1.21"
      }
    },
    "@magic/log": {
      "version": "0.1.16",
      "resolved": "https://registry.npmjs.org/@magic/log/-/log-0.1.16.tgz",
      "integrity": "sha512-lrSiRZC4j83kGTznnHTJ7L4yJXkRgEJSKH6QWvnmipbFtEc2QWAlGTgKTUtu5oM4KnLK4v5BHwcWJdIvUH8scA==",
      "requires": {
        "@magic/types": "0.1.21"
      }
    },
    "@magic/mime-types": {
      "version": "0.0.16",
      "resolved": "https://registry.npmjs.org/@magic/mime-types/-/mime-types-0.0.16.tgz",
      "integrity": "sha512-VMtgprPw3emEq1AHd/seQeJhknPdiX04xh1Gcr0YQpNuqgRP+8nmblGS0bRbDFR8JvKqfQIp5wQ2M1IJugaYkA=="
    },
    "@magic/types": {
      "version": "0.1.21",
      "resolved": "https://registry.npmjs.org/@magic/types/-/types-0.1.21.tgz",
      "integrity": "sha512-dlqv0ZtVKfTiy02HiY6t8KwNE5lwAyXNseS+ga9+aPsR4LM8TRM5Z6lnqvt3JDuPU0vGLJipkX+m1Kq2igAw3Q=="
    }
  }
}
